
Microsoft Visual Studio Solution File, Format Version 12.00
# Visual Studio Version 16
VisualStudioVersion = 16.0.31702.278
MinimumVisualStudioVersion = 10.0.40219.1
Project("{9A19103F-16F7-4668-BE54-9A1E7A4F7556}") = "ITI.CURDAPI.Present", "ITI.CURDAPI.Present\ITI.CURDAPI.Present.csproj", "{896016A2-D1F0-4613-8609-4F012BA8FA2E}"
EndProject
Project("{9A19103F-16F7-4668-BE54-9A1E7A4F7556}") = "ITI.CURDAPI.Data", "ITI.CURDAPI.Data\ITI.CURDAPI.Data.csproj", "{96A6B13E-01E0-4DAC-8076-781FDC361270}"
EndProject
Project("{9A19103F-16F7-4668-BE54-9A1E7A4F7556}") = "ITI.CURDAPI.Repositories", "ITI.CURDAPI.Repositories\ITI.CURDAPI.Repositories.csproj", "{2D017830-8AD5-4825-B819-7E98BB5D80EC}"
EndProject
Project("{FAE04EC0-301F-11D3-BF4B-00C04F79EFBC}") = "ITI.CURDAPI.Models", "ITI.CURDAPI.Models\ITI.CURDAPI.Models.csproj", "{9E06050D-D6F7-4850-BBB5-5FD1F5028D83}"
EndProject
Global
	GlobalSection(SolutionConfigurationPlatforms) = preSolution
		Debug|Any CPU = Debug|Any CPU
		Release|Any CPU = Release|Any CPU
	EndGlobalSection
	GlobalSection(ProjectConfigurationPlatforms) = postSolution
		{896016A2-D1F0-4613-8609-4F012BA8FA2E}.Debug|Any CPU.ActiveCfg = Debug|Any CPU
		{896016A2-D1F0-4613-8609-4F012BA8FA2E}.Debug|Any CPU.Build.0 = Debug|Any CPU
		{896016A2-D1F0-4613-8609-4F012BA8FA2E}.Release|Any CPU.ActiveCfg = Release|Any CPU
		{896016A2-D1F0-4613-8609-4F012BA8FA2E}.Release|Any CPU.Build.0 = Release|Any CPU
		{96A6B13E-01E0-4DAC-8076-781FDC361270}.Debug|Any CPU.ActiveCfg = Debug|Any CPU
		{96A6B13E-01E0-4DAC-8076-781FDC361270}.Debug|Any CPU.Build.0 = Debug|Any CPU
		{96A6B13E-01E0-4DAC-8076-781FDC361270}.Release|Any CPU.ActiveCfg = Release|Any CPU
		{96A6B13E-01E0-4DAC-8076-781FDC361270}.Release|Any CPU.Build.0 = Release|Any CPU
		{2D017830-8AD5-4825-B819-7E98BB5D80EC}.Debug|Any CPU.ActiveCfg = Debug|Any CPU
		{2D017830-8AD5-4825-B819-7E98BB5D80EC}.Debug|Any CPU.Build.0 = Debug|Any CPU
		{2D017830-8AD5-4825-B819-7E98BB5D80EC}.Release|Any CPU.ActiveCfg = Release|Any CPU
		{2D017830-8AD5-4825-B819-7E98BB5D80EC}.Release|Any CPU.Build.0 = Release|Any CPU
		{9E06050D-D6F7-4850-BBB5-5FD1F5028D83}.Debug|Any CPU.ActiveCfg = Debug|Any CPU
		{9E06050D-D6F7-4850-BBB5-5FD1F5028D83}.Debug|Any CPU.Build.0 = Debug|Any CPU
		{9E06050D-D6F7-4850-BBB5-5FD1F5028D83}.Release|Any CPU.ActiveCfg = Release|Any CPU
		{9E06050D-D6F7-4850-BBB5-5FD1F5028D83}.Release|Any CPU.Build.0 = Release|Any CPU
	EndGlobalSection
	GlobalSection(SolutionProperties) = preSolution
		HideSolutionNode = FALSE
	EndGlobalSection
	GlobalSection(ExtensibilityGlobals) = postSolution
		SolutionGuid = {C719CFA9-6E33-4ACA-8EA4-A7AE851E9B81}
	EndGlobalSection
EndGlobal
